// !$*UTF8*$!
{
	archiveVersion = 1;
	classes = {
	};
	objectVersion = 46;
	objects = {

/* Begin PBXBuildFile section */
		C6F6DB591C66C3E3007DF5F2 /* main.m in Sources */ = {isa = PBXBuildFile; fileRef = C6F6DB581C66C3E3007DF5F2 /* main.m */; };
		C6F6DB611C66C3FA007DF5F2 /* StructGenerator.m in Sources */ = {isa = PBXBuildFile; fileRef = C6F6DB601C66C3FA007DF5F2 /* StructGenerator.m */; };
/* End PBXBuildFile section */

/* Begin PBXCopyFilesBuildPhase section */
		C6F6DB531C66C3E3007DF5F2 /* CopyFiles */ = {
			isa = PBXCopyFilesBuildPhase;
			buildActionMask = 2147483647;
			dstPath = /usr/share/man/man1/;
			dstSubfolderSpec = 0;
			files = (
			);
			runOnlyForDeploymentPostprocessing = 1;
		};
/* End PBXCopyFilesBuildPhase section */

/* Begin PBXFileReference section */
		C6F6DB551C66C3E3007DF5F2 /* structGen */ = {isa = PBXFileReference; explicitFileType = "compiled.mach-o.executable"; includeInIndex = 0; path = structGen; sourceTree = BUILT_PRODUCTS_DIR; };
		C6F6DB581C66C3E3007DF5F2 /* main.m */ = {isa = PBXFileReference; lastKnownFileType = sourcecode.c.objc; path = main.m; sourceTree = "<group>"; };
		C6F6DB5F1C66C3FA007DF5F2 /* StructGenerator.h */ = {isa = PBXFileReference; fileEncoding = 4; lastKnownFileType = sourcecode.c.h; path = StructGenerator.h; sourceTree = "<group>"; };
		C6F6DB601C66C3FA007DF5F2 /* StructGenerator.m */ = {isa = PBXFileReference; fileEncoding = 4; lastKnownFileType = sourcecode.c.objc; path = StructGenerator.m; sourceTree = "<group>"; };
/* End PBXFileReference section */

/* Begin PBXFrameworksBuildPhase section */
		C6F6DB521C66C3E3007DF5F2 /* Frameworks */ = {
			isa = PBXFrameworksBuildPhase;
			buildActionMask = 2147483647;
			files = (
			);
			runOnlyForDeploymentPostprocessing = 0;
		};
/* End PBXFrameworksBuildPhase section */

/* Begin PBXGroup section */
		C6F6DB4C1C66C3E3007DF5F2 = {
			isa = PBXGroup;
			children = (
				C6F6DB571C66C3E3007DF5F2 /* structGen */,
				C6F6DB561C66C3E3007DF5F2 /* Products */,
			);
			sourceTree = "<group>";
		};
		C6F6DB561C66C3E3007DF5F2 /* Products */ = {
			isa = PBXGroup;
			children = (
				C6F6DB551C66C3E3007DF5F2 /* structGen */,
			);
			name = Products;
			sourceTree = "<group>";
		};
		C6F6DB571C66C3E3007DF5F2 /* structGen */ = {
			isa = PBXGroup;
			children = (
				C6F6DB581C66C3E3007DF5F2 /* main.m */,
				C6F6DB5F1C66C3FA007DF5F2 /* StructGenerator.h */,
				C6F6DB601C66C3FA007DF5F2 /* StructGenerator.m */,
			);
			path = structGen;
			sourceTree = "<group>";
		};
/* End PBXGroup section */

/* Begin PBXNativeTarget section */
		C6F6DB541C66C3E3007DF5F2 /* structGen */ = {
			isa = PBXNativeTarget;
			buildConfigurationList = C6F6DB5C1C66C3E3007DF5F2 /* Build configuration list for PBXNativeTarget "structGen" */;
			buildPhases = (
				C6F6DB511C66C3E3007DF5F2 /* Sources */,
				C6F6DB521C66C3E3007DF5F2 /* Frameworks */,
				C6F6DB531C66C3E3007DF5F2 /* CopyFiles */,
			);
			buildRules = (
			);
			dependencies = (
			);
			name = structGen;
			productName = structGen;
			productReference = C6F6DB551C66C3E3007DF5F2 /* structGen */;
			productType = "com.apple.product-type.tool";
		};
/* End PBXNativeTarget section */

/* Begin PBXProject section */
		C6F6DB4D1C66C3E3007DF5F2 /* Project object */ = {
			isa = PBXProject;
			attributes = {
				LastUpgradeCheck = 0720;
				ORGANIZATIONNAME = "Zakk Hoyt";
				TargetAttributes = {
					C6F6DB541C66C3E3007DF5F2 = {
						CreatedOnToolsVersion = 7.2;
					};
				};
			};
			buildConfigurationList = C6F6DB501C66C3E3007DF5F2 /* Build configuration list for PBXProject "structGen" */;
			compatibilityVersion = "Xcode 3.2";
			developmentRegion = English;
			hasScannedForEncodings = 0;
			knownRegions = (
				en,
			);
			mainGroup = C6F6DB4C1C66C3E3007DF5F2;
			productRefGroup = C6F6DB561C66C3E3007DF5F2 /* Products */;
			projectDirPath = "";
			projectRoot = "";
			targets = (
				C6F6DB541C66C3E3007DF5F2 /* structGen */,
			);
		};
/* End PBXProject section */

/* Begin PBXSourcesBuildPhase section */
		C6F6DB511C66C3E3007DF5F2 /* Sources */ = {
			isa = PBXSourcesBuildPhase;
			buildActionMask = 2147483647;
			files = (
				C6F6DB611C66C3FA007DF5F2 /* StructGenerator.m in Sources */,
				C6F6DB591C66C3E3007DF5F2 /* main.m in Sources */,
			);
			runOnlyForDeploymentPostprocessing = 0;
		};
/* End PBXSourcesBuildPhase section */

/* Begin XCBuildConfiguration section */
		C6F6DB5A1C66C3E3007DF5F2 /* Debug */ = {
			isa = XCBuildConfiguration;
			buildSettings = {
				ALWAYS_SEARCH_USER_PATHS = NO;
				CLANG_CXX_LANGUAGE_STANDARD = "gnu++0x";
				CLANG_CXX_LIBRARY = "libc++";
				CLANG_ENABLE_MODULES = YES;
				CLANG_ENABLE_OBJC_ARC = YES;
				CLANG_WARN_BOOL_CONVERSION = YES;
				CLANG_WARN_CONSTANT_CONVERSION = YES;
				CLANG_WARN_DIRECT_OBJC_ISA_USAGE = YES_ERROR;
				CLANG_WARN_EMPTY_BODY = YES;
				CLANG_WARN_ENUM_CONVERSION = YES;
				CLANG_WARN_INT_CONVERSION = YES;
				CLANG_WARN_OBJC_ROOT_CLASS = YES_ERROR;
				CLANG_WARN_UNREACHABLE_CODE = YES;
				CLANG_WARN__DUPLICATE_METHOD_MATCH = YES;
				CODE_SIGN_IDENTITY = "-";
				COPY_PHASE_STRIP = NO;
				DEBUG_INFORMATION_FORMAT = dwarf;
				ENABLE_STRICT_OBJC_MSGSEND = YES;
				ENABLE_TESTABILITY = YES;
				GCC_C_LANGUAGE_STANDARD = gnu99;
				GCC_DYNAMIC_NO_PIC = NO;
				GCC_NO_COMMON_BLOCKS = YES;
				GCC_OPTIMIZATION_LEVEL = 0;
				GCC_PREPROCESSOR_DEFINITIONS = (
					"DEBUG=1",
					"$(inherited)",
				);
				GCC_WARN_64_TO_32_BIT_CONVERSION = YES;
				GCC_WARN_ABOUT_RETURN_TYPE = YES_ERROR;
				GCC_WARN_UNDECLARED_SELECTOR = YES;
				GCC_WARN_UNINITIALIZED_AUTOS = YES_AGGRESSIVE;
				GCC_WARN_UNUSED_FUNCTION = YES;
				GCC_WARN_UNUSED_VARIABLE = YES;
				MACOSX_DEPLOYMENT_TARGET = 10.11;
				MTL_ENABLE_DEBUG_INFO = YES;
				ONLY_ACTIVE_ARCH = YES;
				SDKROOT = macosx;
			};
			name = Debug;
		};
		C6F6DB5B1C66C3E3007DF5F2 /* Release */ = {
			isa = XCBuildConfiguration;
			buildSettings = {
				ALWAYS_SEARCH_USER_PATHS = NO;
				CLANG_CXX_LANGUAGE_STANDARD = "gnu++0x";
				CLANG_CXX_LIBRARY = "libc++";
				CLANG_ENABLE_MODULES = YES;
				CLANG_ENABLE_OBJC_ARC = YES;
				CLANG_WARN_BOOL_CONVERSION = YES;
				CLANG_WARN_CONSTANT_CONVERSION = YES;
				CLANG_WARN_DIRECT_OBJC_ISA_USAGE = YES_ERROR;
				CLANG_WARN_EMPTY_BODY = YES;
				CLANG_WARN_ENUM_CONVERSION = YES;
				CLANG_WARN_INT_CONVERSION = YES;
				CLANG_WARN_OBJC_ROOT_CLASS = YES_ERROR;
				CLANG_WARN_UNREACHABLE_CODE = YES;
				CLANG_WARN__DUPLICATE_METHOD_MATCH = YES;
				CODE_SIGN_IDENTITY = "-";
				COPY_PHASE_STRIP = NO;
				DEBUG_INFORMATION_FORMAT = "dwarf-with-dsym";
				ENABLE_NS_ASSERTIONS = NO;
				ENABLE_STRICT_OBJC_MSGSEND = YES;
				GCC_C_LANGUAGE_STANDARD = gnu99;
				GCC_NO_COMMON_BLOCKS = YES;
				GCC_WARN_64_TO_32_BIT_CONVERSION = YES;
				GCC_WARN_ABOUT_RETURN_TYPE = YES_ERROR;
				GCC_WARN_UNDECLARED_SELECTOR = YES;
				GCC_WARN_UNINITIALIZED_AUTOS = YES_AGGRESSIVE;
				GCC_WARN_UNUSED_FUNCTION = YES;
				GCC_WARN_UNUSED_VARIABLE = YES;
				MACOSX_DEPLOYMENT_TARGET = 10.11;
				MTL_ENABLE_DEBUG_INFO = NO;
				SDKROOT = macosx;
			};
			name = Release;
		};
		C6F6DB5D1C66C3E3007DF5F2 /* Debug */ = {
			isa = XCBuildConfiguration;
			buildSettings = {
				PRODUCT_NAME = "$(TARGET_NAME)";
			};
			name = Debug;
		};
		C6F6DB5E1C66C3E3007DF5F2 /* Release */ = {
			isa = XCBuildConfiguration;
			buildSettings = {
				PRODUCT_NAME = "$(TARGET_NAME)";
			};
			name = Release;
		};
/* End XCBuildConfiguration section */

/* Begin XCConfigurationList section */
		C6F6DB501C66C3E3007DF5F2 /* Build configuration list for PBXProject "structGen" */ = {
			isa = XCConfigurationList;
			buildConfigurations = (
				C6F6DB5A1C66C3E3007DF5F2 /* Debug */,
				C6F6DB5B1C66C3E3007DF5F2 /* Release */,
			);
			defaultConfigurationIsVisible = 0;
			defaultConfigurationName = Release;
		};
		C6F6DB5C1C66C3E3007DF5F2 /* Build configuration list for PBXNativeTarget "structGen" */ = {
			isa = XCConfigurationList;
			buildConfigurations = (
				C6F6DB5D1C66C3E3007DF5F2 /* Debug */,
				C6F6DB5E1C66C3E3007DF5F2 /* Release */,
			);
			defaultConfigurationIsVisible = 0;
		};
/* End XCConfigurationList section */
	};
	rootObject = C6F6DB4D1C66C3E3007DF5F2 /* Project object */;
}
